
Microsoft Visual Studio Solution File, Format Version 12.00
# Visual Studio Version 16
VisualStudioVersion = 16.0.29806.167
MinimumVisualStudioVersion = 10.0.40219.1
Project("{9A19103F-16F7-4668-BE54-9A1E7A4F7556}") = "Taxi.Common", "Taxi.Common\Taxi.Common.csproj", "{D90AE903-ECD4-4147-A8F5-3F163D229D82}"
EndProject
Project("{9A19103F-16F7-4668-BE54-9A1E7A4F7556}") = "Taxi.Web", "Taxi.Web\Taxi.Web.csproj", "{813CF124-B594-42F8-9B6D-54E2C6E8F8CC}"
EndProject
Project("{9A19103F-16F7-4668-BE54-9A1E7A4F7556}") = "Taxi.Prism", "Taxi.Prism\Taxi.Prism\Taxi.Prism.csproj", "{924A494E-8BC6-4F3A-834F-97BB39CB20B6}"
EndProject
Project("{FAE04EC0-301F-11D3-BF4B-00C04F79EFBC}") = "Taxi.Prism.Android", "Taxi.Prism\Taxi.Prism.Android\Taxi.Prism.Android.csproj", "{B01757C8-F9E8-4BD6-A998-2ACC29BD278A}"
EndProject
Project("{FAE04EC0-301F-11D3-BF4B-00C04F79EFBC}") = "Taxi.Prism.iOS", "Taxi.Prism\Taxi.Prism.iOS\Taxi.Prism.iOS.csproj", "{4232A00F-BD1F-4141-946A-B0AAD330FD06}"
EndProject
Project("{FAE04EC0-301F-11D3-BF4B-00C04F79EFBC}") = "Taxi.Cross.Android", "Taxi.Cross.Android\Taxi.Cross.Android.csproj", "{2C298A36-879A-4101-A9F1-4FA2492F35A7}"
EndProject
Project("{FAE04EC0-301F-11D3-BF4B-00C04F79EFBC}") = "Taxi.Cross.IOS", "Taxi.Cross.IOS\Taxi.Cross.IOS.csproj", "{5F4E70E6-E0B2-4A87-A1B5-E4CB136986DE}"
EndProject
Global
	GlobalSection(SolutionConfigurationPlatforms) = preSolution
		Ad-Hoc|Any CPU = Ad-Hoc|Any CPU
		Ad-Hoc|iPhone = Ad-Hoc|iPhone
		Ad-Hoc|iPhoneSimulator = Ad-Hoc|iPhoneSimulator
		AppStore|Any CPU = AppStore|Any CPU
		AppStore|iPhone = AppStore|iPhone
		AppStore|iPhoneSimulator = AppStore|iPhoneSimulator
		Debug|Any CPU = Debug|Any CPU
		Debug|iPhone = Debug|iPhone
		Debug|iPhoneSimulator = Debug|iPhoneSimulator
		Release|Any CPU = Release|Any CPU
		Release|iPhone = Release|iPhone
		Release|iPhoneSimulator = Release|iPhoneSimulator
	EndGlobalSection
	GlobalSection(ProjectConfigurationPlatforms) = postSolution
		{D90AE903-ECD4-4147-A8F5-3F163D229D82}.Ad-Hoc|Any CPU.ActiveCfg = Release|Any CPU
		{D90AE903-ECD4-4147-A8F5-3F163D229D82}.Ad-Hoc|Any CPU.Build.0 = Release|Any CPU
		{D90AE903-ECD4-4147-A8F5-3F163D229D82}.Ad-Hoc|iPhone.ActiveCfg = Release|Any CPU
		{D90AE903-ECD4-4147-A8F5-3F163D229D82}.Ad-Hoc|iPhone.Build.0 = Release|Any CPU
		{D90AE903-ECD4-4147-A8F5-3F163D229D82}.Ad-Hoc|iPhoneSimulator.ActiveCfg = Release|Any CPU
		{D90AE903-ECD4-4147-A8F5-3F163D229D82}.Ad-Hoc|iPhoneSimulator.Build.0 = Release|Any CPU
		{D90AE903-ECD4-4147-A8F5-3F163D229D82}.AppStore|Any CPU.ActiveCfg = Release|Any CPU
		{D90AE903-ECD4-4147-A8F5-3F163D229D82}.AppStore|Any CPU.Build.0 = Release|Any CPU
		{D90AE903-ECD4-4147-A8F5-3F163D229D82}.AppStore|iPhone.ActiveCfg = Release|Any CPU
		{D90AE903-ECD4-4147-A8F5-3F163D229D82}.AppStore|iPhone.Build.0 = Release|Any CPU
		{D90AE903-ECD4-4147-A8F5-3F163D229D82}.AppStore|iPhoneSimulator.ActiveCfg = Release|Any CPU
		{D90AE903-ECD4-4147-A8F5-3F163D229D82}.AppStore|iPhoneSimulator.Build.0 = Release|Any CPU
		{D90AE903-ECD4-4147-A8F5-3F163D229D82}.Debug|Any CPU.ActiveCfg = Debug|Any CPU
		{D90AE903-ECD4-4147-A8F5-3F163D229D82}.Debug|Any CPU.Build.0 = Debug|Any CPU
		{D90AE903-ECD4-4147-A8F5-3F163D229D82}.Debug|iPhone.ActiveCfg = Debug|Any CPU
		{D90AE903-ECD4-4147-A8F5-3F163D229D82}.Debug|iPhone.Build.0 = Debug|Any CPU
		{D90AE903-ECD4-4147-A8F5-3F163D229D82}.Debug|iPhoneSimulator.ActiveCfg = Debug|Any CPU
		{D90AE903-ECD4-4147-A8F5-3F163D229D82}.Debug|iPhoneSimulator.Build.0 = Debug|Any CPU
		{D90AE903-ECD4-4147-A8F5-3F163D229D82}.Release|Any CPU.ActiveCfg = Release|Any CPU
		{D90AE903-ECD4-4147-A8F5-3F163D229D82}.Release|Any CPU.Build.0 = Release|Any CPU
		{D90AE903-ECD4-4147-A8F5-3F163D229D82}.Release|iPhone.ActiveCfg = Release|Any CPU
		{D90AE903-ECD4-4147-A8F5-3F163D229D82}.Release|iPhone.Build.0 = Release|Any CPU
		{D90AE903-ECD4-4147-A8F5-3F163D229D82}.Release|iPhoneSimulator.ActiveCfg = Release|Any CPU
		{D90AE903-ECD4-4147-A8F5-3F163D229D82}.Release|iPhoneSimulator.Build.0 = Release|Any CPU
		{813CF124-B594-42F8-9B6D-54E2C6E8F8CC}.Ad-Hoc|Any CPU.ActiveCfg = Release|Any CPU
		{813CF124-B594-42F8-9B6D-54E2C6E8F8CC}.Ad-Hoc|Any CPU.Build.0 = Release|Any CPU
		{813CF124-B594-42F8-9B6D-54E2C6E8F8CC}.Ad-Hoc|iPhone.ActiveCfg = Release|Any CPU
		{813CF124-B594-42F8-9B6D-54E2C6E8F8CC}.Ad-Hoc|iPhone.Build.0 = Release|Any CPU
		{813CF124-B594-42F8-9B6D-54E2C6E8F8CC}.Ad-Hoc|iPhoneSimulator.ActiveCfg = Release|Any CPU
		{813CF124-B594-42F8-9B6D-54E2C6E8F8CC}.Ad-Hoc|iPhoneSimulator.Build.0 = Release|Any CPU
		{813CF124-B594-42F8-9B6D-54E2C6E8F8CC}.AppStore|Any CPU.ActiveCfg = Release|Any CPU
		{813CF124-B594-42F8-9B6D-54E2C6E8F8CC}.AppStore|Any CPU.Build.0 = Release|Any CPU
		{813CF124-B594-42F8-9B6D-54E2C6E8F8CC}.AppStore|iPhone.ActiveCfg = Release|Any CPU
		{813CF124-B594-42F8-9B6D-54E2C6E8F8CC}.AppStore|iPhone.Build.0 = Release|Any CPU
		{813CF124-B594-42F8-9B6D-54E2C6E8F8CC}.AppStore|iPhoneSimulator.ActiveCfg = Release|Any CPU
		{813CF124-B594-42F8-9B6D-54E2C6E8F8CC}.AppStore|iPhoneSimulator.Build.0 = Release|Any CPU
		{813CF124-B594-42F8-9B6D-54E2C6E8F8CC}.Debug|Any CPU.ActiveCfg = Debug|Any CPU
		{813CF124-B594-42F8-9B6D-54E2C6E8F8CC}.Debug|Any CPU.Build.0 = Debug|Any CPU
		{813CF124-B594-42F8-9B6D-54E2C6E8F8CC}.Debug|iPhone.ActiveCfg = Debug|Any CPU
		{813CF124-B594-42F8-9B6D-54E2C6E8F8CC}.Debug|iPhone.Build.0 = Debug|Any CPU
		{813CF124-B594-42F8-9B6D-54E2C6E8F8CC}.Debug|iPhoneSimulator.ActiveCfg = Debug|Any CPU
		{813CF124-B594-42F8-9B6D-54E2C6E8F8CC}.Debug|iPhoneSimulator.Build.0 = Debug|Any CPU
		{813CF124-B594-42F8-9B6D-54E2C6E8F8CC}.Release|Any CPU.ActiveCfg = Release|Any CPU
		{813CF124-B594-42F8-9B6D-54E2C6E8F8CC}.Release|Any CPU.Build.0 = Release|Any CPU
		{813CF124-B594-42F8-9B6D-54E2C6E8F8CC}.Release|iPhone.ActiveCfg = Release|Any CPU
		{813CF124-B594-42F8-9B6D-54E2C6E8F8CC}.Release|iPhone.Build.0 = Release|Any CPU
		{813CF124-B594-42F8-9B6D-54E2C6E8F8CC}.Release|iPhoneSimulator.ActiveCfg = Release|Any CPU
		{813CF124-B594-42F8-9B6D-54E2C6E8F8CC}.Release|iPhoneSimulator.Build.0 = Release|Any CPU
		{924A494E-8BC6-4F3A-834F-97BB39CB20B6}.Ad-Hoc|Any CPU.ActiveCfg = Debug|Any CPU
		{924A494E-8BC6-4F3A-834F-97BB39CB20B6}.Ad-Hoc|Any CPU.Build.0 = Debug|Any CPU
		{924A494E-8BC6-4F3A-834F-97BB39CB20B6}.Ad-Hoc|iPhone.ActiveCfg = Debug|Any CPU
		{924A494E-8BC6-4F3A-834F-97BB39CB20B6}.Ad-Hoc|iPhone.Build.0 = Debug|Any CPU
		{924A494E-8BC6-4F3A-834F-97BB39CB20B6}.Ad-Hoc|iPhoneSimulator.ActiveCfg = Debug|Any CPU
		{924A494E-8BC6-4F3A-834F-97BB39CB20B6}.Ad-Hoc|iPhoneSimulator.Build.0 = Debug|Any CPU
		{924A494E-8BC6-4F3A-834F-97BB39CB20B6}.AppStore|Any CPU.ActiveCfg = Debug|Any CPU
		{924A494E-8BC6-4F3A-834F-97BB39CB20B6}.AppStore|Any CPU.Build.0 = Debug|Any CPU
		{924A494E-8BC6-4F3A-834F-97BB39CB20B6}.AppStore|iPhone.ActiveCfg = Debug|Any CPU
		{924A494E-8BC6-4F3A-834F-97BB39CB20B6}.AppStore|iPhone.Build.0 = Debug|Any CPU
		{924A494E-8BC6-4F3A-834F-97BB39CB20B6}.AppStore|iPhoneSimulator.ActiveCfg = Debug|Any CPU
		{924A494E-8BC6-4F3A-834F-97BB39CB20B6}.AppStore|iPhoneSimulator.Build.0 = Debug|Any CPU
		{924A494E-8BC6-4F3A-834F-97BB39CB20B6}.Debug|Any CPU.ActiveCfg = Debug|Any CPU
		{924A494E-8BC6-4F3A-834F-97BB39CB20B6}.Debug|Any CPU.Build.0 = Debug|Any CPU
		{924A494E-8BC6-4F3A-834F-97BB39CB20B6}.Debug|iPhone.ActiveCfg = Debug|Any CPU
		{924A494E-8BC6-4F3A-834F-97BB39CB20B6}.Debug|iPhone.Build.0 = Debug|Any CPU
		{924A494E-8BC6-4F3A-834F-97BB39CB20B6}.Debug|iPhoneSimulator.ActiveCfg = Debug|Any CPU
		{924A494E-8BC6-4F3A-834F-97BB39CB20B6}.Debug|iPhoneSimulator.Build.0 = Debug|Any CPU
		{924A494E-8BC6-4F3A-834F-97BB39CB20B6}.Release|Any CPU.ActiveCfg = Release|Any CPU
		{924A494E-8BC6-4F3A-834F-97BB39CB20B6}.Release|Any CPU.Build.0 = Release|Any CPU
		{924A494E-8BC6-4F3A-834F-97BB39CB20B6}.Release|iPhone.ActiveCfg = Release|Any CPU
		{924A494E-8BC6-4F3A-834F-97BB39CB20B6}.Release|iPhone.Build.0 = Release|Any CPU
		{924A494E-8BC6-4F3A-834F-97BB39CB20B6}.Release|iPhoneSimulator.ActiveCfg = Release|Any CPU
		{924A494E-8BC6-4F3A-834F-97BB39CB20B6}.Release|iPhoneSimulator.Build.0 = Release|Any CPU
		{B01757C8-F9E8-4BD6-A998-2ACC29BD278A}.Ad-Hoc|Any CPU.ActiveCfg = Release|Any CPU
		{B01757C8-F9E8-4BD6-A998-2ACC29BD278A}.Ad-Hoc|Any CPU.Build.0 = Release|Any CPU
		{B01757C8-F9E8-4BD6-A998-2ACC29BD278A}.Ad-Hoc|Any CPU.Deploy.0 = Release|Any CPU
		{B01757C8-F9E8-4BD6-A998-2ACC29BD278A}.Ad-Hoc|iPhone.ActiveCfg = Release|Any CPU
		{B01757C8-F9E8-4BD6-A998-2ACC29BD278A}.Ad-Hoc|iPhone.Build.0 = Release|Any CPU
		{B01757C8-F9E8-4BD6-A998-2ACC29BD278A}.Ad-Hoc|iPhone.Deploy.0 = Release|Any CPU
		{B01757C8-F9E8-4BD6-A998-2ACC29BD278A}.Ad-Hoc|iPhoneSimulator.ActiveCfg = Release|Any CPU
		{B01757C8-F9E8-4BD6-A998-2ACC29BD278A}.Ad-Hoc|iPhoneSimulator.Build.0 = Release|Any CPU
		{B01757C8-F9E8-4BD6-A998-2ACC29BD278A}.Ad-Hoc|iPhoneSimulator.Deploy.0 = Release|Any CPU
		{B01757C8-F9E8-4BD6-A998-2ACC29BD278A}.AppStore|Any CPU.ActiveCfg = Release|Any CPU
		{B01757C8-F9E8-4BD6-A998-2ACC29BD278A}.AppStore|Any CPU.Build.0 = Release|Any CPU
		{B01757C8-F9E8-4BD6-A998-2ACC29BD278A}.AppStore|Any CPU.Deploy.0 = Release|Any CPU
		{B01757C8-F9E8-4BD6-A998-2ACC29BD278A}.AppStore|iPhone.ActiveCfg = Release|Any CPU
		{B01757C8-F9E8-4BD6-A998-2ACC29BD278A}.AppStore|iPhone.Build.0 = Release|Any CPU
		{B01757C8-F9E8-4BD6-A998-2ACC29BD278A}.AppStore|iPhone.Deploy.0 = Release|Any CPU
		{B01757C8-F9E8-4BD6-A998-2ACC29BD278A}.AppStore|iPhoneSimulator.ActiveCfg = Release|Any CPU
		{B01757C8-F9E8-4BD6-A998-2ACC29BD278A}.AppStore|iPhoneSimulator.Build.0 = Release|Any CPU
		{B01757C8-F9E8-4BD6-A998-2ACC29BD278A}.AppStore|iPhoneSimulator.Deploy.0 = Release|Any CPU
		{B01757C8-F9E8-4BD6-A998-2ACC29BD278A}.Debug|Any CPU.ActiveCfg = Debug|Any CPU
		{B01757C8-F9E8-4BD6-A998-2ACC29BD278A}.Debug|Any CPU.Build.0 = Debug|Any CPU
		{B01757C8-F9E8-4BD6-A998-2ACC29BD278A}.Debug|Any CPU.Deploy.0 = Debug|Any CPU
		{B01757C8-F9E8-4BD6-A998-2ACC29BD278A}.Debug|iPhone.ActiveCfg = Debug|Any CPU
		{B01757C8-F9E8-4BD6-A998-2ACC29BD278A}.Debug|iPhone.Build.0 = Debug|Any CPU
		{B01757C8-F9E8-4BD6-A998-2ACC29BD278A}.Debug|iPhone.Deploy.0 = Debug|Any CPU
		{B01757C8-F9E8-4BD6-A998-2ACC29BD278A}.Debug|iPhoneSimulator.ActiveCfg = Debug|Any CPU
		{B01757C8-F9E8-4BD6-A998-2ACC29BD278A}.Debug|iPhoneSimulator.Build.0 = Debug|Any CPU
		{B01757C8-F9E8-4BD6-A998-2ACC29BD278A}.Debug|iPhoneSimulator.Deploy.0 = Debug|Any CPU
		{B01757C8-F9E8-4BD6-A998-2ACC29BD278A}.Release|Any CPU.ActiveCfg = Release|Any CPU
		{B01757C8-F9E8-4BD6-A998-2ACC29BD278A}.Release|Any CPU.Build.0 = Release|Any CPU
		{B01757C8-F9E8-4BD6-A998-2ACC29BD278A}.Release|Any CPU.Deploy.0 = Release|Any CPU
		{B01757C8-F9E8-4BD6-A998-2ACC29BD278A}.Release|iPhone.ActiveCfg = Release|Any CPU
		{B01757C8-F9E8-4BD6-A998-2ACC29BD278A}.Release|iPhone.Build.0 = Release|Any CPU
		{B01757C8-F9E8-4BD6-A998-2ACC29BD278A}.Release|iPhone.Deploy.0 = Release|Any CPU
		{B01757C8-F9E8-4BD6-A998-2ACC29BD278A}.Release|iPhoneSimulator.ActiveCfg = Release|Any CPU
		{B01757C8-F9E8-4BD6-A998-2ACC29BD278A}.Release|iPhoneSimulator.Build.0 = Release|Any CPU
		{B01757C8-F9E8-4BD6-A998-2ACC29BD278A}.Release|iPhoneSimulator.Deploy.0 = Release|Any CPU
		{4232A00F-BD1F-4141-946A-B0AAD330FD06}.Ad-Hoc|Any CPU.ActiveCfg = Ad-Hoc|iPhone
		{4232A00F-BD1F-4141-946A-B0AAD330FD06}.Ad-Hoc|iPhone.ActiveCfg = Ad-Hoc|iPhone
		{4232A00F-BD1F-4141-946A-B0AAD330FD06}.Ad-Hoc|iPhone.Build.0 = Ad-Hoc|iPhone
		{4232A00F-BD1F-4141-946A-B0AAD330FD06}.Ad-Hoc|iPhoneSimulator.ActiveCfg = Ad-Hoc|iPhoneSimulator
		{4232A00F-BD1F-4141-946A-B0AAD330FD06}.Ad-Hoc|iPhoneSimulator.Build.0 = Ad-Hoc|iPhoneSimulator
		{4232A00F-BD1F-4141-946A-B0AAD330FD06}.AppStore|Any CPU.ActiveCfg = AppStore|iPhone
		{4232A00F-BD1F-4141-946A-B0AAD330FD06}.AppStore|iPhone.ActiveCfg = AppStore|iPhone
		{4232A00F-BD1F-4141-946A-B0AAD330FD06}.AppStore|iPhone.Build.0 = AppStore|iPhone
		{4232A00F-BD1F-4141-946A-B0AAD330FD06}.AppStore|iPhoneSimulator.ActiveCfg = AppStore|iPhoneSimulator
		{4232A00F-BD1F-4141-946A-B0AAD330FD06}.AppStore|iPhoneSimulator.Build.0 = AppStore|iPhoneSimulator
		{4232A00F-BD1F-4141-946A-B0AAD330FD06}.Debug|Any CPU.ActiveCfg = Debug|iPhone
		{4232A00F-BD1F-4141-946A-B0AAD330FD06}.Debug|iPhone.ActiveCfg = Debug|iPhone
		{4232A00F-BD1F-4141-946A-B0AAD330FD06}.Debug|iPhone.Build.0 = Debug|iPhone
		{4232A00F-BD1F-4141-946A-B0AAD330FD06}.Debug|iPhoneSimulator.ActiveCfg = Debug|iPhoneSimulator
		{4232A00F-BD1F-4141-946A-B0AAD330FD06}.Debug|iPhoneSimulator.Build.0 = Debug|iPhoneSimulator
		{4232A00F-BD1F-4141-946A-B0AAD330FD06}.Release|Any CPU.ActiveCfg = Release|iPhone
		{4232A00F-BD1F-4141-946A-B0AAD330FD06}.Release|iPhone.ActiveCfg = Release|iPhone
		{4232A00F-BD1F-4141-946A-B0AAD330FD06}.Release|iPhone.Build.0 = Release|iPhone
		{4232A00F-BD1F-4141-946A-B0AAD330FD06}.Release|iPhoneSimulator.ActiveCfg = Release|iPhoneSimulator
		{4232A00F-BD1F-4141-946A-B0AAD330FD06}.Release|iPhoneSimulator.Build.0 = Release|iPhoneSimulator
		{2C298A36-879A-4101-A9F1-4FA2492F35A7}.Ad-Hoc|Any CPU.ActiveCfg = Release|Any CPU
		{2C298A36-879A-4101-A9F1-4FA2492F35A7}.Ad-Hoc|Any CPU.Build.0 = Release|Any CPU
		{2C298A36-879A-4101-A9F1-4FA2492F35A7}.Ad-Hoc|Any CPU.Deploy.0 = Release|Any CPU
		{2C298A36-879A-4101-A9F1-4FA2492F35A7}.Ad-Hoc|iPhone.ActiveCfg = Release|Any CPU
		{2C298A36-879A-4101-A9F1-4FA2492F35A7}.Ad-Hoc|iPhone.Build.0 = Release|Any CPU
		{2C298A36-879A-4101-A9F1-4FA2492F35A7}.Ad-Hoc|iPhone.Deploy.0 = Release|Any CPU
		{2C298A36-879A-4101-A9F1-4FA2492F35A7}.Ad-Hoc|iPhoneSimulator.ActiveCfg = Release|Any CPU
		{2C298A36-879A-4101-A9F1-4FA2492F35A7}.Ad-Hoc|iPhoneSimulator.Build.0 = Release|Any CPU
		{2C298A36-879A-4101-A9F1-4FA2492F35A7}.Ad-Hoc|iPhoneSimulator.Deploy.0 = Release|Any CPU
		{2C298A36-879A-4101-A9F1-4FA2492F35A7}.AppStore|Any CPU.ActiveCfg = Release|Any CPU
		{2C298A36-879A-4101-A9F1-4FA2492F35A7}.AppStore|Any CPU.Build.0 = Release|Any CPU
		{2C298A36-879A-4101-A9F1-4FA2492F35A7}.AppStore|Any CPU.Deploy.0 = Release|Any CPU
		{2C298A36-879A-4101-A9F1-4FA2492F35A7}.AppStore|iPhone.ActiveCfg = Release|Any CPU
		{2C298A36-879A-4101-A9F1-4FA2492F35A7}.AppStore|iPhone.Build.0 = Release|Any CPU
		{2C298A36-879A-4101-A9F1-4FA2492F35A7}.AppStore|iPhone.Deploy.0 = Release|Any CPU
		{2C298A36-879A-4101-A9F1-4FA2492F35A7}.AppStore|iPhoneSimulator.ActiveCfg = Release|Any CPU
		{2C298A36-879A-4101-A9F1-4FA2492F35A7}.AppStore|iPhoneSimulator.Build.0 = Release|Any CPU
		{2C298A36-879A-4101-A9F1-4FA2492F35A7}.AppStore|iPhoneSimulator.Deploy.0 = Release|Any CPU
		{2C298A36-879A-4101-A9F1-4FA2492F35A7}.Debug|Any CPU.ActiveCfg = Debug|Any CPU
		{2C298A36-879A-4101-A9F1-4FA2492F35A7}.Debug|Any CPU.Build.0 = Debug|Any CPU
		{2C298A36-879A-4101-A9F1-4FA2492F35A7}.Debug|Any CPU.Deploy.0 = Debug|Any CPU
		{2C298A36-879A-4101-A9F1-4FA2492F35A7}.Debug|iPhone.ActiveCfg = Debug|Any CPU
		{2C298A36-879A-4101-A9F1-4FA2492F35A7}.Debug|iPhone.Build.0 = Debug|Any CPU
		{2C298A36-879A-4101-A9F1-4FA2492F35A7}.Debug|iPhone.Deploy.0 = Debug|Any CPU
		{2C298A36-879A-4101-A9F1-4FA2492F35A7}.Debug|iPhoneSimulator.ActiveCfg = Debug|Any CPU
		{2C298A36-879A-4101-A9F1-4FA2492F35A7}.Debug|iPhoneSimulator.Build.0 = Debug|Any CPU
		{2C298A36-879A-4101-A9F1-4FA2492F35A7}.Debug|iPhoneSimulator.Deploy.0 = Debug|Any CPU
		{2C298A36-879A-4101-A9F1-4FA2492F35A7}.Release|Any CPU.ActiveCfg = Release|Any CPU
		{2C298A36-879A-4101-A9F1-4FA2492F35A7}.Release|Any CPU.Build.0 = Release|Any CPU
		{2C298A36-879A-4101-A9F1-4FA2492F35A7}.Release|Any CPU.Deploy.0 = Release|Any CPU
		{2C298A36-879A-4101-A9F1-4FA2492F35A7}.Release|iPhone.ActiveCfg = Release|Any CPU
		{2C298A36-879A-4101-A9F1-4FA2492F35A7}.Release|iPhone.Build.0 = Release|Any CPU
		{2C298A36-879A-4101-A9F1-4FA2492F35A7}.Release|iPhone.Deploy.0 = Release|Any CPU
		{2C298A36-879A-4101-A9F1-4FA2492F35A7}.Release|iPhoneSimulator.ActiveCfg = Release|Any CPU
		{2C298A36-879A-4101-A9F1-4FA2492F35A7}.Release|iPhoneSimulator.Build.0 = Release|Any CPU
		{2C298A36-879A-4101-A9F1-4FA2492F35A7}.Release|iPhoneSimulator.Deploy.0 = Release|Any CPU
		{5F4E70E6-E0B2-4A87-A1B5-E4CB136986DE}.Ad-Hoc|Any CPU.ActiveCfg = Release|iPhone
		{5F4E70E6-E0B2-4A87-A1B5-E4CB136986DE}.Ad-Hoc|Any CPU.Build.0 = Release|iPhone
		{5F4E70E6-E0B2-4A87-A1B5-E4CB136986DE}.Ad-Hoc|iPhone.ActiveCfg = Release|iPhone
		{5F4E70E6-E0B2-4A87-A1B5-E4CB136986DE}.Ad-Hoc|iPhone.Build.0 = Release|iPhone
		{5F4E70E6-E0B2-4A87-A1B5-E4CB136986DE}.Ad-Hoc|iPhoneSimulator.ActiveCfg = Release|iPhoneSimulator
		{5F4E70E6-E0B2-4A87-A1B5-E4CB136986DE}.Ad-Hoc|iPhoneSimulator.Build.0 = Release|iPhoneSimulator
		{5F4E70E6-E0B2-4A87-A1B5-E4CB136986DE}.AppStore|Any CPU.ActiveCfg = Release|iPhone
		{5F4E70E6-E0B2-4A87-A1B5-E4CB136986DE}.AppStore|Any CPU.Build.0 = Release|iPhone
		{5F4E70E6-E0B2-4A87-A1B5-E4CB136986DE}.AppStore|iPhone.ActiveCfg = Release|iPhone
		{5F4E70E6-E0B2-4A87-A1B5-E4CB136986DE}.AppStore|iPhone.Build.0 = Release|iPhone
		{5F4E70E6-E0B2-4A87-A1B5-E4CB136986DE}.AppStore|iPhoneSimulator.ActiveCfg = Release|iPhoneSimulator
		{5F4E70E6-E0B2-4A87-A1B5-E4CB136986DE}.AppStore|iPhoneSimulator.Build.0 = Release|iPhoneSimulator
		{5F4E70E6-E0B2-4A87-A1B5-E4CB136986DE}.Debug|Any CPU.ActiveCfg = Debug|iPhone
		{5F4E70E6-E0B2-4A87-A1B5-E4CB136986DE}.Debug|iPhone.ActiveCfg = Debug|iPhone
		{5F4E70E6-E0B2-4A87-A1B5-E4CB136986DE}.Debug|iPhone.Build.0 = Debug|iPhone
		{5F4E70E6-E0B2-4A87-A1B5-E4CB136986DE}.Debug|iPhoneSimulator.ActiveCfg = Debug|iPhoneSimulator
		{5F4E70E6-E0B2-4A87-A1B5-E4CB136986DE}.Debug|iPhoneSimulator.Build.0 = Debug|iPhoneSimulator
		{5F4E70E6-E0B2-4A87-A1B5-E4CB136986DE}.Release|Any CPU.ActiveCfg = Release|iPhone
		{5F4E70E6-E0B2-4A87-A1B5-E4CB136986DE}.Release|iPhone.ActiveCfg = Release|iPhone
		{5F4E70E6-E0B2-4A87-A1B5-E4CB136986DE}.Release|iPhone.Build.0 = Release|iPhone
		{5F4E70E6-E0B2-4A87-A1B5-E4CB136986DE}.Release|iPhoneSimulator.ActiveCfg = Release|iPhoneSimulator
		{5F4E70E6-E0B2-4A87-A1B5-E4CB136986DE}.Release|iPhoneSimulator.Build.0 = Release|iPhoneSimulator
	EndGlobalSection
	GlobalSection(SolutionProperties) = preSolution
		HideSolutionNode = FALSE
	EndGlobalSection
	GlobalSection(ExtensibilityGlobals) = postSolution
		SolutionGuid = {38CDDC6A-0866-41E2-8C09-5E7F20EFA04F}
	EndGlobalSection
EndGlobal
